
Microsoft Visual Studio Solution File, Format Version 12.00
# Visual Studio Version 17
VisualStudioVersion = 17.14.36616.10 d17.14
MinimumVisualStudioVersion = 10.0.40219.1
Project("{FAE04EC0-301F-11D3-BF4B-00C04F79EFBC}") = "t5f25sdprojectone_projectsplus", "t5f25sdprojectone_projectsplus.csproj", "{9383F716-6147-4124-A1B9-4005D31F12E1}"
EndProject
Global
	GlobalSection(SolutionConfigurationPlatforms) = preSolution
		Debug|Any CPU = Debug|Any CPU
		Release|Any CPU = Release|Any CPU
	EndGlobalSection
	GlobalSection(ProjectConfigurationPlatforms) = postSolution
		{9383F716-6147-4124-A1B9-4005D31F12E1}.Debug|Any CPU.ActiveCfg = Debug|Any CPU
		{9383F716-6147-4124-A1B9-4005D31F12E1}.Debug|Any CPU.Build.0 = Debug|Any CPU
		{9383F716-6147-4124-A1B9-4005D31F12E1}.Release|Any CPU.ActiveCfg = Release|Any CPU
		{9383F716-6147-4124-A1B9-4005D31F12E1}.Release|Any CPU.Build.0 = Release|Any CPU
	EndGlobalSection
	GlobalSection(SolutionProperties) = preSolution
		HideSolutionNode = FALSE
	EndGlobalSection
	GlobalSection(ExtensibilityGlobals) = postSolution
		SolutionGuid = {70AC3926-0894-4B31-B9FC-9064FAC6416E}
	EndGlobalSection
EndGlobal
